Microsoft Visual Studio Solution File, Format Version 12.00
# Visual Studio Version 17
VisualStudioVersion = 17.5.2.0
MinimumVisualStudioVersion = 10.0.40219.1
Project("{2150E333-8FDC-42A3-9474-1A3956D46DE8}") = "src", "src", "{827E0CD3-B72D-47B6-A68D-7590B98EB39B}"
EndProject
Project("{2150E333-8FDC-42A3-9474-1A3956D46DE8}") = "Backend", "Backend", "{FE360695-3F2B-1049-3887-35FBB5135923}"
EndProject
Project("{FAE04EC0-301F-11D3-BF4B-00C04F79EFBC}") = "CadastroPessoasApi", "src\Backend\CadastroPessoasApi\CadastroPessoasApi.csproj", "{40C14C1F-1442-A0C8-5396-979A3720B49F}"
EndProject
Global
	GlobalSection(SolutionConfigurationPlatforms) = preSolution
		Debug|Any CPU = Debug|Any CPU
		Release|Any CPU = Release|Any CPU
	EndGlobalSection
	GlobalSection(ProjectConfigurationPlatforms) = postSolution
		{40C14C1F-1442-A0C8-5396-979A3720B49F}.Debug|Any CPU.ActiveCfg = Debug|Any CPU
		{40C14C1F-1442-A0C8-5396-979A3720B49F}.Debug|Any CPU.Build.0 = Debug|Any CPU
		{40C14C1F-1442-A0C8-5396-979A3720B49F}.Release|Any CPU.ActiveCfg = Release|Any CPU
		{40C14C1F-1442-A0C8-5396-979A3720B49F}.Release|Any CPU.Build.0 = Release|Any CPU
	EndGlobalSection
	GlobalSection(SolutionProperties) = preSolution
		HideSolutionNode = FALSE
	EndGlobalSection
	GlobalSection(NestedProjects) = preSolution
		{FE360695-3F2B-1049-3887-35FBB5135923} = {827E0CD3-B72D-47B6-A68D-7590B98EB39B}
		{40C14C1F-1442-A0C8-5396-979A3720B49F} = {FE360695-3F2B-1049-3887-35FBB5135923}
	EndGlobalSection
	GlobalSection(ExtensibilityGlobals) = postSolution
		SolutionGuid = {3BA767BF-40EA-4FA1-A5E4-ABBED945967C}
	EndGlobalSection
EndGlobal
